// !$*UTF8*$!
{
	archiveVersion = 1;
	classes = {
	};
	objectVersion = 50;
	objects = {

/* Begin PBXBuildFile section */
		3D0208B326D67D32006CFCA9 /* AppDelegate.swift in Sources */ = {isa = PBXBuildFile; fileRef = 3D0208B226D67D32006CFCA9 /* AppDelegate.swift */; };
		3D0208BC26D67D34006CFCA9 /* Assets.xcassets in Resources */ = {isa = PBXBuildFile; fileRef = 3D0208BB26D67D34006CFCA9 /* Assets.xcassets */; };
		3D0208BF26D67D34006CFCA9 /* LaunchScreen.storyboard in Resources */ = {isa = PBXBuildFile; fileRef = 3D0208BD26D67D34006CFCA9 /* LaunchScreen.storyboard */; };
		3D0208C826D68286006CFCA9 /* ProcessViewController.swift in Sources */ = {isa = PBXBuildFile; fileRef = 3D0208C726D68286006CFCA9 /* ProcessViewController.swift */; };
		3D0208CA26D685CB006CFCA9 /* ActionButton.swift in Sources */ = {isa = PBXBuildFile; fileRef = 3D0208C926D685CB006CFCA9 /* ActionButton.swift */; };
		3D0208DA26D6881F006CFCA9 /* Nunito-ExtraLight.ttf in Resources */ = {isa = PBXBuildFile; fileRef = 3D0208CC26D6881F006CFCA9 /* Nunito-ExtraLight.ttf */; };
		3D0208DB26D6881F006CFCA9 /* Nunito-Black.ttf in Resources */ = {isa = PBXBuildFile; fileRef = 3D0208CD26D6881F006CFCA9 /* Nunito-Black.ttf */; };
		3D0208DC26D6881F006CFCA9 /* Nunito-Regular.ttf in Resources */ = {isa = PBXBuildFile; fileRef = 3D0208CE26D6881F006CFCA9 /* Nunito-Regular.ttf */; };
		3D0208DD26D6881F006CFCA9 /* Nunito-BoldItalic.ttf in Resources */ = {isa = PBXBuildFile; fileRef = 3D0208CF26D6881F006CFCA9 /* Nunito-BoldItalic.ttf */; };
		3D0208DE26D6881F006CFCA9 /* Nunito-Italic.ttf in Resources */ = {isa = PBXBuildFile; fileRef = 3D0208D026D6881F006CFCA9 /* Nunito-Italic.ttf */; };
		3D0208DF26D6881F006CFCA9 /* Nunito-Light.ttf in Resources */ = {isa = PBXBuildFile; fileRef = 3D0208D126D6881F006CFCA9 /* Nunito-Light.ttf */; };
		3D0208E026D6881F006CFCA9 /* Nunito-LightItalic.ttf in Resources */ = {isa = PBXBuildFile; fileRef = 3D0208D226D6881F006CFCA9 /* Nunito-LightItalic.ttf */; };
		3D0208E126D6881F006CFCA9 /* Nunito-SemiBold.ttf in Resources */ = {isa = PBXBuildFile; fileRef = 3D0208D326D6881F006CFCA9 /* Nunito-SemiBold.ttf */; };
		3D0208E226D6881F006CFCA9 /* Nunito-SemiBoldItalic.ttf in Resources */ = {isa = PBXBuildFile; fileRef = 3D0208D426D6881F006CFCA9 /* Nunito-SemiBoldItalic.ttf */; };
		3D0208E326D6881F006CFCA9 /* Nunito-BlackItalic.ttf in Resources */ = {isa = PBXBuildFile; fileRef = 3D0208D526D6881F006CFCA9 /* Nunito-BlackItalic.ttf */; };
		3D0208E426D6881F006CFCA9 /* Nunito-ExtraBold.ttf in Resources */ = {isa = PBXBuildFile; fileRef = 3D0208D626D6881F006CFCA9 /* Nunito-ExtraBold.ttf */; };
		3D0208E526D6881F006CFCA9 /* Nunito-ExtraLightItalic.ttf in Resources */ = {isa = PBXBuildFile; fileRef = 3D0208D726D6881F006CFCA9 /* Nunito-ExtraLightItalic.ttf */; };
		3D0208E626D6881F006CFCA9 /* Nunito-ExtraBoldItalic.ttf in Resources */ = {isa = PBXBuildFile; fileRef = 3D0208D826D6881F006CFCA9 /* Nunito-ExtraBoldItalic.ttf */; };
		3D0208E726D6881F006CFCA9 /* Nunito-Bold.ttf in Resources */ = {isa = PBXBuildFile; fileRef = 3D0208D926D6881F006CFCA9 /* Nunito-Bold.ttf */; };
		3D0208EB26D6D735006CFCA9 /* PointButton.swift in Sources */ = {isa = PBXBuildFile; fileRef = 3D0208EA26D6D735006CFCA9 /* PointButton.swift */; };
		3D0208EF26D785E9006CFCA9 /* Animation.swift in Sources */ = {isa = PBXBuildFile; fileRef = 3D0208EE26D785E9006CFCA9 /* Animation.swift */; };
		3D0208F126D7C179006CFCA9 /* NewGameViewController.swift in Sources */ = {isa = PBXBuildFile; fileRef = 3D0208F026D7C179006CFCA9 /* NewGameViewController.swift */; };
		3D0208F326D7C2D6006CFCA9 /* ResultsViewConroller.swift in Sources */ = {isa = PBXBuildFile; fileRef = 3D0208F226D7C2D6006CFCA9 /* ResultsViewConroller.swift */; };
		3D0208F526D7C9DF006CFCA9 /* TitleLabel.swift in Sources */ = {isa = PBXBuildFile; fileRef = 3D0208F426D7C9DF006CFCA9 /* TitleLabel.swift */; };
		3D0208F726D8F2B7006CFCA9 /* Player.swift in Sources */ = {isa = PBXBuildFile; fileRef = 3D0208F626D8F2B7006CFCA9 /* Player.swift */; };
		3D0208F926D8F482006CFCA9 /* CustomHeader.swift in Sources */ = {isa = PBXBuildFile; fileRef = 3D0208F826D8F482006CFCA9 /* CustomHeader.swift */; };
		3D0208FB26D9005B006CFCA9 /* CustomFooter.swift in Sources */ = {isa = PBXBuildFile; fileRef = 3D0208FA26D9005B006CFCA9 /* CustomFooter.swift */; };
		3D0208FD26D90CED006CFCA9 /* PlayerTableViewCell.swift in Sources */ = {isa = PBXBuildFile; fileRef = 3D0208FC26D90CED006CFCA9 /* PlayerTableViewCell.swift */; };
		3D0208FF26D96A71006CFCA9 /* AddPlayerViewController.swift in Sources */ = {isa = PBXBuildFile; fileRef = 3D0208FE26D96A71006CFCA9 /* AddPlayerViewController.swift */; };
/* End PBXBuildFile section */

/* Begin PBXFileReference section */
		3D0208AF26D67D32006CFCA9 /* RSSchool_T10_GameCounter.app */ = {isa = PBXFileReference; explicitFileType = wrapper.application; includeInIndex = 0; path = RSSchool_T10_GameCounter.app; sourceTree = BUILT_PRODUCTS_DIR; };
		3D0208B226D67D32006CFCA9 /* AppDelegate.swift */ = {isa = PBXFileReference; lastKnownFileType = sourcecode.swift; path = AppDelegate.swift; sourceTree = "<group>"; };
		3D0208BB26D67D34006CFCA9 /* Assets.xcassets */ = {isa = PBXFileReference; lastKnownFileType = folder.assetcatalog; path = Assets.xcassets; sourceTree = "<group>"; };
		3D0208BE26D67D34006CFCA9 /* Base */ = {isa = PBXFileReference; lastKnownFileType = file.storyboard; name = Base; path = Base.lproj/LaunchScreen.storyboard; sourceTree = "<group>"; };
		3D0208C026D67D34006CFCA9 /* Info.plist */ = {isa = PBXFileReference; lastKnownFileType = text.plist.xml; path = Info.plist; sourceTree = "<group>"; };
		3D0208C726D68286006CFCA9 /* ProcessViewController.swift */ = {isa = PBXFileReference; lastKnownFileType = sourcecode.swift; path = ProcessViewController.swift; sourceTree = "<group>"; };
		3D0208C926D685CB006CFCA9 /* ActionButton.swift */ = {isa = PBXFileReference; lastKnownFileType = sourcecode.swift; path = ActionButton.swift; sourceTree = "<group>"; };
		3D0208CC26D6881F006CFCA9 /* Nunito-ExtraLight.ttf */ = {isa = PBXFileReference; lastKnownFileType = file; path = "Nunito-ExtraLight.ttf"; sourceTree = "<group>"; };
		3D0208CD26D6881F006CFCA9 /* Nunito-Black.ttf */ = {isa = PBXFileReference; lastKnownFileType = file; path = "Nunito-Black.ttf"; sourceTree = "<group>"; };
		3D0208CE26D6881F006CFCA9 /* Nunito-Regular.ttf */ = {isa = PBXFileReference; lastKnownFileType = file; path = "Nunito-Regular.ttf"; sourceTree = "<group>"; };
		3D0208CF26D6881F006CFCA9 /* Nunito-BoldItalic.ttf */ = {isa = PBXFileReference; lastKnownFileType = file; path = "Nunito-BoldItalic.ttf"; sourceTree = "<group>"; };
		3D0208D026D6881F006CFCA9 /* Nunito-Italic.ttf */ = {isa = PBXFileReference; lastKnownFileType = file; path = "Nunito-Italic.ttf"; sourceTree = "<group>"; };
		3D0208D126D6881F006CFCA9 /* Nunito-Light.ttf */ = {isa = PBXFileReference; lastKnownFileType = file; path = "Nunito-Light.ttf"; sourceTree = "<group>"; };
		3D0208D226D6881F006CFCA9 /* Nunito-LightItalic.ttf */ = {isa = PBXFileReference; lastKnownFileType = file; path = "Nunito-LightItalic.ttf"; sourceTree = "<group>"; };
		3D0208D326D6881F006CFCA9 /* Nunito-SemiBold.ttf */ = {isa = PBXFileReference; lastKnownFileType = file; path = "Nunito-SemiBold.ttf"; sourceTree = "<group>"; };
		3D0208D426D6881F006CFCA9 /* Nunito-SemiBoldItalic.ttf */ = {isa = PBXFileReference; lastKnownFileType = file; path = "Nunito-SemiBoldItalic.ttf"; sourceTree = "<group>"; };
		3D0208D526D6881F006CFCA9 /* Nunito-BlackItalic.ttf */ = {isa = PBXFileReference; lastKnownFileType = file; path = "Nunito-BlackItalic.ttf"; sourceTree = "<group>"; };
		3D0208D626D6881F006CFCA9 /* Nunito-ExtraBold.ttf */ = {isa = PBXFileReference; lastKnownFileType = file; path = "Nunito-ExtraBold.ttf"; sourceTree = "<group>"; };
		3D0208D726D6881F006CFCA9 /* Nunito-ExtraLightItalic.ttf */ = {isa = PBXFileReference; lastKnownFileType = file; path = "Nunito-ExtraLightItalic.ttf"; sourceTree = "<group>"; };
		3D0208D826D6881F006CFCA9 /* Nunito-ExtraBoldItalic.ttf */ = {isa = PBXFileReference; lastKnownFileType = file; path = "Nunito-ExtraBoldItalic.ttf"; sourceTree = "<group>"; };
		3D0208D926D6881F006CFCA9 /* Nunito-Bold.ttf */ = {isa = PBXFileReference; lastKnownFileType = file; path = "Nunito-Bold.ttf"; sourceTree = "<group>"; };
		3D0208EA26D6D735006CFCA9 /* PointButton.swift */ = {isa = PBXFileReference; lastKnownFileType = sourcecode.swift; path = PointButton.swift; sourceTree = "<group>"; };
		3D0208EE26D785E9006CFCA9 /* Animation.swift */ = {isa = PBXFileReference; lastKnownFileType = sourcecode.swift; path = Animation.swift; sourceTree = "<group>"; };
		3D0208F026D7C179006CFCA9 /* NewGameViewController.swift */ = {isa = PBXFileReference; lastKnownFileType = sourcecode.swift; path = NewGameViewController.swift; sourceTree = "<group>"; };
		3D0208F226D7C2D6006CFCA9 /* ResultsViewConroller.swift */ = {isa = PBXFileReference; lastKnownFileType = sourcecode.swift; path = ResultsViewConroller.swift; sourceTree = "<group>"; };
		3D0208F426D7C9DF006CFCA9 /* TitleLabel.swift */ = {isa = PBXFileReference; lastKnownFileType = sourcecode.swift; path = TitleLabel.swift; sourceTree = "<group>"; };
		3D0208F626D8F2B7006CFCA9 /* Player.swift */ = {isa = PBXFileReference; lastKnownFileType = sourcecode.swift; path = Player.swift; sourceTree = "<group>"; };
		3D0208F826D8F482006CFCA9 /* CustomHeader.swift */ = {isa = PBXFileReference; lastKnownFileType = sourcecode.swift; path = CustomHeader.swift; sourceTree = "<group>"; };
		3D0208FA26D9005B006CFCA9 /* CustomFooter.swift */ = {isa = PBXFileReference; lastKnownFileType = sourcecode.swift; path = CustomFooter.swift; sourceTree = "<group>"; };
		3D0208FC26D90CED006CFCA9 /* PlayerTableViewCell.swift */ = {isa = PBXFileReference; lastKnownFileType = sourcecode.swift; path = PlayerTableViewCell.swift; sourceTree = "<group>"; };
		3D0208FE26D96A71006CFCA9 /* AddPlayerViewController.swift */ = {isa = PBXFileReference; lastKnownFileType = sourcecode.swift; path = AddPlayerViewController.swift; sourceTree = "<group>"; };
/* End PBXFileReference section */

/* Begin PBXFrameworksBuildPhase section */
		3D0208AC26D67D32006CFCA9 /* Frameworks */ = {
			isa = PBXFrameworksBuildPhase;
			buildActionMask = 2147483647;
			files = (
			);
			runOnlyForDeploymentPostprocessing = 0;
		};
/* End PBXFrameworksBuildPhase section */

/* Begin PBXGroup section */
		3D0208A626D67D32006CFCA9 = {
			isa = PBXGroup;
			children = (
				3D0208B126D67D32006CFCA9 /* RSSchool_T10_GameCounter */,
				3D0208B026D67D32006CFCA9 /* Products */,
			);
			sourceTree = "<group>";
		};
		3D0208B026D67D32006CFCA9 /* Products */ = {
			isa = PBXGroup;
			children = (
				3D0208AF26D67D32006CFCA9 /* RSSchool_T10_GameCounter.app */,
			);
			name = Products;
			sourceTree = "<group>";
		};
		3D0208B126D67D32006CFCA9 /* RSSchool_T10_GameCounter */ = {
			isa = PBXGroup;
			children = (
				3D0208E926D6AF1E006CFCA9 /* Controllers */,
				3D0208E826D6AF0E006CFCA9 /* Views */,
				3D0208CB26D687F8006CFCA9 /* Fonts */,
				3D0208C626D67E3C006CFCA9 /* System */,
				3D0208BB26D67D34006CFCA9 /* Assets.xcassets */,
				3D0208C026D67D34006CFCA9 /* Info.plist */,
			);
			path = RSSchool_T10_GameCounter;
			sourceTree = "<group>";
		};
		3D0208C626D67E3C006CFCA9 /* System */ = {
			isa = PBXGroup;
			children = (
				3D0208B226D67D32006CFCA9 /* AppDelegate.swift */,
				3D0208BD26D67D34006CFCA9 /* LaunchScreen.storyboard */,
			);
			path = System;
			sourceTree = "<group>";
		};
		3D0208CB26D687F8006CFCA9 /* Fonts */ = {
			isa = PBXGroup;
			children = (
				3D0208CD26D6881F006CFCA9 /* Nunito-Black.ttf */,
				3D0208D526D6881F006CFCA9 /* Nunito-BlackItalic.ttf */,
				3D0208D926D6881F006CFCA9 /* Nunito-Bold.ttf */,
				3D0208CF26D6881F006CFCA9 /* Nunito-BoldItalic.ttf */,
				3D0208D626D6881F006CFCA9 /* Nunito-ExtraBold.ttf */,
				3D0208D826D6881F006CFCA9 /* Nunito-ExtraBoldItalic.ttf */,
				3D0208CC26D6881F006CFCA9 /* Nunito-ExtraLight.ttf */,
				3D0208D726D6881F006CFCA9 /* Nunito-ExtraLightItalic.ttf */,
				3D0208D026D6881F006CFCA9 /* Nunito-Italic.ttf */,
				3D0208D126D6881F006CFCA9 /* Nunito-Light.ttf */,
				3D0208D226D6881F006CFCA9 /* Nunito-LightItalic.ttf */,
				3D0208CE26D6881F006CFCA9 /* Nunito-Regular.ttf */,
				3D0208D326D6881F006CFCA9 /* Nunito-SemiBold.ttf */,
				3D0208D426D6881F006CFCA9 /* Nunito-SemiBoldItalic.ttf */,
			);
			path = Fonts;
			sourceTree = "<group>";
		};
		3D0208E826D6AF0E006CFCA9 /* Views */ = {
			isa = PBXGroup;
			children = (
				3D0208FC26D90CED006CFCA9 /* PlayerTableViewCell.swift */,
				3D0208F826D8F482006CFCA9 /* CustomHeader.swift */,
				3D0208FA26D9005B006CFCA9 /* CustomFooter.swift */,
				3D0208F626D8F2B7006CFCA9 /* Player.swift */,
				3D0208C926D685CB006CFCA9 /* ActionButton.swift */,
				3D0208F426D7C9DF006CFCA9 /* TitleLabel.swift */,
				3D0208EE26D785E9006CFCA9 /* Animation.swift */,
				3D0208EA26D6D735006CFCA9 /* PointButton.swift */,
			);
			path = Views;
			sourceTree = "<group>";
		};
		3D0208E926D6AF1E006CFCA9 /* Controllers */ = {
			isa = PBXGroup;
			children = (
				3D0208C726D68286006CFCA9 /* ProcessViewController.swift */,
				3D0208F226D7C2D6006CFCA9 /* ResultsViewConroller.swift */,
				3D0208F026D7C179006CFCA9 /* NewGameViewController.swift */,
				3D0208FE26D96A71006CFCA9 /* AddPlayerViewController.swift */,
			);
			path = Controllers;
			sourceTree = "<group>";
		};
/* End PBXGroup section */

/* Begin PBXNativeTarget section */
		3D0208AE26D67D32006CFCA9 /* RSSchool_T10_GameCounter */ = {
			isa = PBXNativeTarget;
			buildConfigurationList = 3D0208C326D67D34006CFCA9 /* Build configuration list for PBXNativeTarget "RSSchool_T10_GameCounter" */;
			buildPhases = (
				3D0208AB26D67D32006CFCA9 /* Sources */,
				3D0208AC26D67D32006CFCA9 /* Frameworks */,
				3D0208AD26D67D32006CFCA9 /* Resources */,
			);
			buildRules = (
			);
			dependencies = (
			);
			name = RSSchool_T10_GameCounter;
			productName = RSSchool_T10_GameCounter;
			productReference = 3D0208AF26D67D32006CFCA9 /* RSSchool_T10_GameCounter.app */;
			productType = "com.apple.product-type.application";
		};
/* End PBXNativeTarget section */

/* Begin PBXProject section */
		3D0208A726D67D32006CFCA9 /* Project object */ = {
			isa = PBXProject;
			attributes = {
				LastSwiftUpdateCheck = 1250;
				LastUpgradeCheck = 1250;
				TargetAttributes = {
					3D0208AE26D67D32006CFCA9 = {
						CreatedOnToolsVersion = 12.5.1;
					};
				};
			};
			buildConfigurationList = 3D0208AA26D67D32006CFCA9 /* Build configuration list for PBXProject "RSSchool_T10_GameCounter" */;
			compatibilityVersion = "Xcode 9.3";
			developmentRegion = en;
			hasScannedForEncodings = 0;
			knownRegions = (
				en,
				Base,
			);
			mainGroup = 3D0208A626D67D32006CFCA9;
			productRefGroup = 3D0208B026D67D32006CFCA9 /* Products */;
			projectDirPath = "";
			projectRoot = "";
			targets = (
				3D0208AE26D67D32006CFCA9 /* RSSchool_T10_GameCounter */,
			);
		};
/* End PBXProject section */

/* Begin PBXResourcesBuildPhase section */
		3D0208AD26D67D32006CFCA9 /* Resources */ = {
			isa = PBXResourcesBuildPhase;
			buildActionMask = 2147483647;
			files = (
				3D0208DD26D6881F006CFCA9 /* Nunito-BoldItalic.ttf in Resources */,
				3D0208DC26D6881F006CFCA9 /* Nunito-Regular.ttf in Resources */,
				3D0208DA26D6881F006CFCA9 /* Nunito-ExtraLight.ttf in Resources */,
				3D0208E226D6881F006CFCA9 /* Nunito-SemiBoldItalic.ttf in Resources */,
				3D0208BF26D67D34006CFCA9 /* LaunchScreen.storyboard in Resources */,
				3D0208E426D6881F006CFCA9 /* Nunito-ExtraBold.ttf in Resources */,
				3D0208E726D6881F006CFCA9 /* Nunito-Bold.ttf in Resources */,
				3D0208E126D6881F006CFCA9 /* Nunito-SemiBold.ttf in Resources */,
				3D0208E526D6881F006CFCA9 /* Nunito-ExtraLightItalic.ttf in Resources */,
				3D0208E026D6881F006CFCA9 /* Nunito-LightItalic.ttf in Resources */,
				3D0208E326D6881F006CFCA9 /* Nunito-BlackItalic.ttf in Resources */,
				3D0208BC26D67D34006CFCA9 /* Assets.xcassets in Resources */,
				3D0208E626D6881F006CFCA9 /* Nunito-ExtraBoldItalic.ttf in Resources */,
				3D0208DE26D6881F006CFCA9 /* Nunito-Italic.ttf in Resources */,
				3D0208DF26D6881F006CFCA9 /* Nunito-Light.ttf in Resources */,
				3D0208DB26D6881F006CFCA9 /* Nunito-Black.ttf in Resources */,
			);
			runOnlyForDeploymentPostprocessing = 0;
		};
/* End PBXResourcesBuildPhase section */

/* Begin PBXSourcesBuildPhase section */
		3D0208AB26D67D32006CFCA9 /* Sources */ = {
			isa = PBXSourcesBuildPhase;
			buildActionMask = 2147483647;
			files = (
				3D0208FD26D90CED006CFCA9 /* PlayerTableViewCell.swift in Sources */,
				3D0208B326D67D32006CFCA9 /* AppDelegate.swift in Sources */,
				3D0208FB26D9005B006CFCA9 /* CustomFooter.swift in Sources */,
				3D0208C826D68286006CFCA9 /* ProcessViewController.swift in Sources */,
				3D0208EB26D6D735006CFCA9 /* PointButton.swift in Sources */,
				3D0208FF26D96A71006CFCA9 /* AddPlayerViewController.swift in Sources */,
				3D0208F326D7C2D6006CFCA9 /* ResultsViewConroller.swift in Sources */,
				3D0208EF26D785E9006CFCA9 /* Animation.swift in Sources */,
				3D0208F526D7C9DF006CFCA9 /* TitleLabel.swift in Sources */,
				3D0208CA26D685CB006CFCA9 /* ActionButton.swift in Sources */,
				3D0208F726D8F2B7006CFCA9 /* Player.swift in Sources */,
				3D0208F126D7C179006CFCA9 /* NewGameViewController.swift in Sources */,
				3D0208F926D8F482006CFCA9 /* CustomHeader.swift in Sources */,
			);
			runOnlyForDeploymentPostprocessing = 0;
		};
/* End PBXSourcesBuildPhase section */

/* Begin PBXVariantGroup section */
		3D0208BD26D67D34006CFCA9 /* LaunchScreen.storyboard */ = {
			isa = PBXVariantGroup;
			children = (
				3D0208BE26D67D34006CFCA9 /* Base */,
			);
			name = LaunchScreen.storyboard;
			sourceTree = "<group>";
		};
/* End PBXVariantGroup section */

/* Begin XCBuildConfiguration section */
		3D0208C126D67D34006CFCA9 /* Debug */ = {
			isa = XCBuildConfiguration;
			buildSettings = {
				ALWAYS_SEARCH_USER_PATHS = NO;
				CLANG_ANALYZER_NONNULL = YES;
				CLANG_ANALYZER_NUMBER_OBJECT_CONVERSION = YES_AGGRESSIVE;
				CLANG_CXX_LANGUAGE_STANDARD = "gnu++14";
				CLANG_CXX_LIBRARY = "libc++";
				CLANG_ENABLE_MODULES = YES;
				CLANG_ENABLE_OBJC_ARC = YES;
				CLANG_ENABLE_OBJC_WEAK = YES;
				CLANG_WARN_BLOCK_CAPTURE_AUTORELEASING = YES;
				CLANG_WARN_BOOL_CONVERSION = YES;
				CLANG_WARN_COMMA = YES;
				CLANG_WARN_CONSTANT_CONVERSION = YES;
				CLANG_WARN_DEPRECATED_OBJC_IMPLEMENTATIONS = YES;
				CLANG_WARN_DIRECT_OBJC_ISA_USAGE = YES_ERROR;
				CLANG_WARN_DOCUMENTATION_COMMENTS = YES;
				CLANG_WARN_EMPTY_BODY = YES;
				CLANG_WARN_ENUM_CONVERSION = YES;
				CLANG_WARN_INFINITE_RECURSION = YES;
				CLANG_WARN_INT_CONVERSION = YES;
				CLANG_WARN_NON_LITERAL_NULL_CONVERSION = YES;
				CLANG_WARN_OBJC_IMPLICIT_RETAIN_SELF = YES;
				CLANG_WARN_OBJC_LITERAL_CONVERSION = YES;
				CLANG_WARN_OBJC_ROOT_CLASS = YES_ERROR;
				CLANG_WARN_QUOTED_INCLUDE_IN_FRAMEWORK_HEADER = YES;
				CLANG_WARN_RANGE_LOOP_ANALYSIS = YES;
				CLANG_WARN_STRICT_PROTOTYPES = YES;
				CLANG_WARN_SUSPICIOUS_MOVE = YES;
				CLANG_WARN_UNGUARDED_AVAILABILITY = YES_AGGRESSIVE;
				CLANG_WARN_UNREACHABLE_CODE = YES;
				CLANG_WARN__DUPLICATE_METHOD_MATCH = YES;
				COPY_PHASE_STRIP = NO;
				DEBUG_INFORMATION_FORMAT = dwarf;
				ENABLE_STRICT_OBJC_MSGSEND = YES;
				ENABLE_TESTABILITY = YES;
				GCC_C_LANGUAGE_STANDARD = gnu11;
				GCC_DYNAMIC_NO_PIC = NO;
				GCC_NO_COMMON_BLOCKS = YES;
				GCC_OPTIMIZATION_LEVEL = 0;
				GCC_PREPROCESSOR_DEFINITIONS = (
					"DEBUG=1",
					"$(inherited)",
				);
				GCC_WARN_64_TO_32_BIT_CONVERSION = YES;
				GCC_WARN_ABOUT_RETURN_TYPE = YES_ERROR;
				GCC_WARN_UNDECLARED_SELECTOR = YES;
				GCC_WARN_UNINITIALIZED_AUTOS = YES_AGGRESSIVE;
				GCC_WARN_UNUSED_FUNCTION = YES;
				GCC_WARN_UNUSED_VARIABLE = YES;
				IPHONEOS_DEPLOYMENT_TARGET = 12.1;
				MTL_ENABLE_DEBUG_INFO = INCLUDE_SOURCE;
				MTL_FAST_MATH = YES;
				ONLY_ACTIVE_ARCH = YES;
				SDKROOT = iphoneos;
				SWIFT_ACTIVE_COMPILATION_CONDITIONS = DEBUG;
				SWIFT_OPTIMIZATION_LEVEL = "-Onone";
			};
			name = Debug;
		};
		3D0208C226D67D34006CFCA9 /* Release */ = {
			isa = XCBuildConfiguration;
			buildSettings = {
				ALWAYS_SEARCH_USER_PATHS = NO;
				CLANG_ANALYZER_NONNULL = YES;
				CLANG_ANALYZER_NUMBER_OBJECT_CONVERSION = YES_AGGRESSIVE;
				CLANG_CXX_LANGUAGE_STANDARD = "gnu++14";
				CLANG_CXX_LIBRARY = "libc++";
				CLANG_ENABLE_MODULES = YES;
				CLANG_ENABLE_OBJC_ARC = YES;
				CLANG_ENABLE_OBJC_WEAK = YES;
				CLANG_WARN_BLOCK_CAPTURE_AUTORELEASING = YES;
				CLANG_WARN_BOOL_CONVERSION = YES;
				CLANG_WARN_COMMA = YES;
				CLANG_WARN_CONSTANT_CONVERSION = YES;
				CLANG_WARN_DEPRECATED_OBJC_IMPLEMENTATIONS = YES;
				CLANG_WARN_DIRECT_OBJC_ISA_USAGE = YES_ERROR;
				CLANG_WARN_DOCUMENTATION_COMMENTS = YES;
				CLANG_WARN_EMPTY_BODY = YES;
				CLANG_WARN_ENUM_CONVERSION = YES;
				CLANG_WARN_INFINITE_RECURSION = YES;
				CLANG_WARN_INT_CONVERSION = YES;
				CLANG_WARN_NON_LITERAL_NULL_CONVERSION = YES;
				CLANG_WARN_OBJC_IMPLICIT_RETAIN_SELF = YES;
				CLANG_WARN_OBJC_LITERAL_CONVERSION = YES;
				CLANG_WARN_OBJC_ROOT_CLASS = YES_ERROR;
				CLANG_WARN_QUOTED_INCLUDE_IN_FRAMEWORK_HEADER = YES;
				CLANG_WARN_RANGE_LOOP_ANALYSIS = YES;
				CLANG_WARN_STRICT_PROTOTYPES = YES;
				CLANG_WARN_SUSPICIOUS_MOVE = YES;
				CLANG_WARN_UNGUARDED_AVAILABILITY = YES_AGGRESSIVE;
				CLANG_WARN_UNREACHABLE_CODE = YES;
				CLANG_WARN__DUPLICATE_METHOD_MATCH = YES;
				COPY_PHASE_STRIP = NO;
				DEBUG_INFORMATION_FORMAT = "dwarf-with-dsym";
				ENABLE_NS_ASSERTIONS = NO;
				ENABLE_STRICT_OBJC_MSGSEND = YES;
				GCC_C_LANGUAGE_STANDARD = gnu11;
				GCC_NO_COMMON_BLOCKS = YES;
				GCC_WARN_64_TO_32_BIT_CONVERSION = YES;
				GCC_WARN_ABOUT_RETURN_TYPE = YES_ERROR;
				GCC_WARN_UNDECLARED_SELECTOR = YES;
				GCC_WARN_UNINITIALIZED_AUTOS = YES_AGGRESSIVE;
				GCC_WARN_UNUSED_FUNCTION = YES;
				GCC_WARN_UNUSED_VARIABLE = YES;
				IPHONEOS_DEPLOYMENT_TARGET = 12.1;
				MTL_ENABLE_DEBUG_INFO = NO;
				MTL_FAST_MATH = YES;
				SDKROOT = iphoneos;
				SWIFT_COMPILATION_MODE = wholemodule;
				SWIFT_OPTIMIZATION_LEVEL = "-O";
				VALIDATE_PRODUCT = YES;
			};
			name = Release;
		};
		3D0208C426D67D34006CFCA9 /* Debug */ = {
			isa = XCBuildConfiguration;
			buildSettings = {
				ASSETCATALOG_COMPILER_APPICON_NAME = AppIcon;
				ASSETCATALOG_COMPILER_GLOBAL_ACCENT_COLOR_NAME = AccentColor;
				CODE_SIGN_STYLE = Automatic;
				DEVELOPMENT_TEAM = UK96588ZD7;
				INFOPLIST_FILE = RSSchool_T10_GameCounter/Info.plist;
				IPHONEOS_DEPLOYMENT_TARGET = 12.1;
				LD_RUNPATH_SEARCH_PATHS = (
					"$(inherited)",
					"@executable_path/Frameworks",
				);
				PRODUCT_BUNDLE_IDENTIFIER = "kryshe4ka.RSSchool-T10-GameCounter";
				PRODUCT_NAME = "$(TARGET_NAME)";
				SWIFT_VERSION = 5.0;
				TARGETED_DEVICE_FAMILY = "1,2";
			};
			name = Debug;
		};
		3D0208C526D67D34006CFCA9 /* Release */ = {
			isa = XCBuildConfiguration;
			buildSettings = {
				ASSETCATALOG_COMPILER_APPICON_NAME = AppIcon;
				ASSETCATALOG_COMPILER_GLOBAL_ACCENT_COLOR_NAME = AccentColor;
				CODE_SIGN_STYLE = Automatic;
				DEVELOPMENT_TEAM = UK96588ZD7;
				INFOPLIST_FILE = RSSchool_T10_GameCounter/Info.plist;
				IPHONEOS_DEPLOYMENT_TARGET = 12.1;
				LD_RUNPATH_SEARCH_PATHS = (
					"$(inherited)",
					"@executable_path/Frameworks",
				);
				PRODUCT_BUNDLE_IDENTIFIER = "kryshe4ka.RSSchool-T10-GameCounter";
				PRODUCT_NAME = "$(TARGET_NAME)";
				SWIFT_VERSION = 5.0;
				TARGETED_DEVICE_FAMILY = "1,2";
			};
			name = Release;
		};
/* End XCBuildConfiguration section */

/* Begin XCConfigurationList section */
		3D0208AA26D67D32006CFCA9 /* Build configuration list for PBXProject "RSSchool_T10_GameCounter" */ = {
			isa = XCConfigurationList;
			buildConfigurations = (
				3D0208C126D67D34006CFCA9 /* Debug */,
				3D0208C226D67D34006CFCA9 /* Release */,
			);
			defaultConfigurationIsVisible = 0;
			defaultConfigurationName = Release;
		};
		3D0208C326D67D34006CFCA9 /* Build configuration list for PBXNativeTarget "RSSchool_T10_GameCounter" */ = {
			isa = XCConfigurationList;
			buildConfigurations = (
				3D0208C426D67D34006CFCA9 /* Debug */,
				3D0208C526D67D34006CFCA9 /* Release */,
			);
			defaultConfigurationIsVisible = 0;
			defaultConfigurationName = Release;
		};
/* End XCConfigurationList section */
	};
	rootObject = 3D0208A726D67D32006CFCA9 /* Project object */;
}
